# THIS IS AN AUTOGENERATED FILE. DO NOT EDIT THIS FILE DIRECTLY.
# yarn lockfile v1


gk-lib@^1.0.0:
  version "1.1.0"
  resolved "https://registry.yarnpkg.com/gk-lib/-/gk-lib-1.1.0.tgz#694d9f35bd66676b0c268470e92d7a7370652a13"
  integrity sha512-lxjeF9VFhnDs77/4KTO2JuddvDpQWd4IjHZi6QBD1/06ukAEWvPrxuRe5TZkvXDWs6uk9oWa6aaMZ+JCY9XFyA==
